// !$*UTF8*$!
{
	archiveVersion = 1;
	classes = {
	};
	objectVersion = 50;
	objects = {

/* Begin PBXFileReference section */
		6421DD40249880D200BEA3C4 /* First */ = {isa = PBXFileReference; lastKnownFileType = text; path = First; sourceTree = "<group>"; };
/* End PBXFileReference section */

/* Begin PBXGroup section */
		6421DD392498808E00BEA3C4 = {
			isa = PBXGroup;
			children = (
				6421DD40249880D200BEA3C4 /* First */,
			);
			sourceTree = "<group>";
		};
/* End PBXGroup section */

/* Begin PBXProject section */
		6421DD3A2498808E00BEA3C4 /* Project object */ = {
			isa = PBXProject;
			attributes = {
				LastUpgradeCheck = 1150;
			};
			buildConfigurationList = 6421DD3D2498808E00BEA3C4 /* Build configuration list for PBXProject "Teste-python" */;
			compatibilityVersion = "Xcode 9.3";
			developmentRegion = en;
			hasScannedForEncodings = 0;
			knownRegions = (
				en,
				Base,
			);
			mainGroup = 6421DD392498808E00BEA3C4;
			projectDirPath = "";
			projectRoot = "";
			targets = (
			);
		};
/* End PBXProject section */

/* Begin XCBuildConfiguration section */
		6421DD3E2498808E00BEA3C4 /* Debug */ = {
			isa = XCBuildConfiguration;
			buildSettings = {
			};
			name = Debug;
		};
		6421DD3F2498808E00BEA3C4 /* Release */ = {
			isa = XCBuildConfiguration;
			buildSettings = {
			};
			name = Release;
		};
/* End XCBuildConfiguration section */

/* Begin XCConfigurationList section */
		6421DD3D2498808E00BEA3C4 /* Build configuration list for PBXProject "Teste-python" */ = {
			isa = XCConfigurationList;
			buildConfigurations = (
				6421DD3E2498808E00BEA3C4 /* Debug */,
				6421DD3F2498808E00BEA3C4 /* Release */,
			);
			defaultConfigurationIsVisible = 0;
			defaultConfigurationName = Release;
		};
/* End XCConfigurationList section */
	};
	rootObject = 6421DD3A2498808E00BEA3C4 /* Project object */;
}
